
Microsoft Visual Studio Solution File, Format Version 12.00
# Visual Studio 15
VisualStudioVersion = 15.0.26730.12
MinimumVisualStudioVersion = 10.0.40219.1
Project("{FAE04EC0-301F-11D3-BF4B-00C04F79EFBC}") = "Proxy", "Proxy\Proxy.csproj", "{18529427-6465-4F8A-B070-423822DC0E75}"
EndProject
Project("{FAE04EC0-301F-11D3-BF4B-00C04F79EFBC}") = "Common", "Common\Common.csproj", "{AFFBC0A5-54CE-4D9E-97BA-3F20CDE2E7DD}"
EndProject
Project("{FAE04EC0-301F-11D3-BF4B-00C04F79EFBC}") = "ServerSideCommons", "..\ServerSideCommons\ServerSideCommons.csproj", "{B2DF6641-892C-42F0-823A-F4077B4C60F4}"
EndProject
Global
	GlobalSection(SolutionConfigurationPlatforms) = preSolution
		Debug|Any CPU = Debug|Any CPU
		Release|Any CPU = Release|Any CPU
	EndGlobalSection
	GlobalSection(ProjectConfigurationPlatforms) = postSolution
		{18529427-6465-4F8A-B070-423822DC0E75}.Debug|Any CPU.ActiveCfg = Debug|Any CPU
		{18529427-6465-4F8A-B070-423822DC0E75}.Debug|Any CPU.Build.0 = Debug|Any CPU
		{18529427-6465-4F8A-B070-423822DC0E75}.Release|Any CPU.ActiveCfg = Release|Any CPU
		{18529427-6465-4F8A-B070-423822DC0E75}.Release|Any CPU.Build.0 = Release|Any CPU
		{AFFBC0A5-54CE-4D9E-97BA-3F20CDE2E7DD}.Debug|Any CPU.ActiveCfg = Debug|Any CPU
		{AFFBC0A5-54CE-4D9E-97BA-3F20CDE2E7DD}.Debug|Any CPU.Build.0 = Debug|Any CPU
		{AFFBC0A5-54CE-4D9E-97BA-3F20CDE2E7DD}.Release|Any CPU.ActiveCfg = Release|Any CPU
		{AFFBC0A5-54CE-4D9E-97BA-3F20CDE2E7DD}.Release|Any CPU.Build.0 = Release|Any CPU
		{B2DF6641-892C-42F0-823A-F4077B4C60F4}.Debug|Any CPU.ActiveCfg = Debug|Any CPU
		{B2DF6641-892C-42F0-823A-F4077B4C60F4}.Debug|Any CPU.Build.0 = Debug|Any CPU
		{B2DF6641-892C-42F0-823A-F4077B4C60F4}.Release|Any CPU.ActiveCfg = Release|Any CPU
		{B2DF6641-892C-42F0-823A-F4077B4C60F4}.Release|Any CPU.Build.0 = Release|Any CPU
	EndGlobalSection
	GlobalSection(SolutionProperties) = preSolution
		HideSolutionNode = FALSE
	EndGlobalSection
	GlobalSection(ExtensibilityGlobals) = postSolution
		SolutionGuid = {5C08DBDD-5297-47A8-8A71-942B1250D21F}
	EndGlobalSection
EndGlobal
